PODS:
  - Alamofire (4.1.0)
  - Gloss (1.1.0)
  - RealDebridKit (0.1.0):
    - Alamofire (~> 4.1)
    - Gloss (~> 1.1)

DEPENDENCIES:
  - RealDebridKit (from `../`)

EXTERNAL SOURCES:
  RealDebridKit:
    :path: "../"

SPEC CHECKSUMS:
  Alamofire: e266cf991b933498df791e645e0d8ac294492153
  Gloss: a8340c124ff69c5d1c12e06c252373f4a16d2958
  RealDebridKit: c7ed376f086af9f2b3e2abb0f7a2765514af3d35

PODFILE CHECKSUM: 55011ddeb9b057ed107399feab01c35facef6fc5

COCOAPODS: 1.1.1
